// !$*UTF8*$!
{
	archiveVersion = 1;
	classes = {
	};
	objectVersion = 50;
	objects = {

/* Begin PBXBuildFile section */
		5B9D940520D0AE0E00BABD7F /* AppDelegate.m in Sources */ = {isa = PBXBuildFile; fileRef = 5B9D940420D0AE0E00BABD7F /* AppDelegate.m */; };
		5B9D940820D0AE0E00BABD7F /* ViewController.m in Sources */ = {isa = PBXBuildFile; fileRef = 5B9D940720D0AE0E00BABD7F /* ViewController.m */; };
		5B9D940B20D0AE0E00BABD7F /* Main.storyboard in Resources */ = {isa = PBXBuildFile; fileRef = 5B9D940920D0AE0E00BABD7F /* Main.storyboard */; };
		5B9D940D20D0AE1000BABD7F /* Assets.xcassets in Resources */ = {isa = PBXBuildFile; fileRef = 5B9D940C20D0AE1000BABD7F /* Assets.xcassets */; };
		5B9D941020D0AE1000BABD7F /* LaunchScreen.storyboard in Resources */ = {isa = PBXBuildFile; fileRef = 5B9D940E20D0AE1000BABD7F /* LaunchScreen.storyboard */; };
		5B9D941320D0AE1000BABD7F /* main.m in Sources */ = {isa = PBXBuildFile; fileRef = 5B9D941220D0AE1000BABD7F /* main.m */; };
		5B9D941D20D0AE1000BABD7F /* wkwebviewtestTests.m in Sources */ = {isa = PBXBuildFile; fileRef = 5B9D941C20D0AE1000BABD7F /* wkwebviewtestTests.m */; };
		5B9D942820D0AE1000BABD7F /* wkwebviewtestUITests.m in Sources */ = {isa = PBXBuildFile; fileRef = 5B9D942720D0AE1000BABD7F /* wkwebviewtestUITests.m */; };
/* End PBXBuildFile section */

/* Begin PBXContainerItemProxy section */
		5B9D941920D0AE1000BABD7F /* PBXContainerItemProxy */ = {
			isa = PBXContainerItemProxy;
			containerPortal = 5B9D93F820D0AE0E00BABD7F /* Project object */;
			proxyType = 1;
			remoteGlobalIDString = 5B9D93FF20D0AE0E00BABD7F;
			remoteInfo = wkwebviewtest;
		};
		5B9D942420D0AE1000BABD7F /* PBXContainerItemProxy */ = {
			isa = PBXContainerItemProxy;
			containerPortal = 5B9D93F820D0AE0E00BABD7F /* Project object */;
			proxyType = 1;
			remoteGlobalIDString = 5B9D93FF20D0AE0E00BABD7F;
			remoteInfo = wkwebviewtest;
		};
/* End PBXContainerItemProxy section */

/* Begin PBXFileReference section */
		5B9D940020D0AE0E00BABD7F /* wkwebviewtest.app */ = {isa = PBXFileReference; explicitFileType = wrapper.application; includeInIndex = 0; path = wkwebviewtest.app; sourceTree = BUILT_PRODUCTS_DIR; };
		5B9D940320D0AE0E00BABD7F /* AppDelegate.h */ = {isa = PBXFileReference; lastKnownFileType = sourcecode.c.h; path = AppDelegate.h; sourceTree = "<group>"; };
		5B9D940420D0AE0E00BABD7F /* AppDelegate.m */ = {isa = PBXFileReference; lastKnownFileType = sourcecode.c.objc; path = AppDelegate.m; sourceTree = "<group>"; };
		5B9D940620D0AE0E00BABD7F /* ViewController.h */ = {isa = PBXFileReference; lastKnownFileType = sourcecode.c.h; path = ViewController.h; sourceTree = "<group>"; };
		5B9D940720D0AE0E00BABD7F /* ViewController.m */ = {isa = PBXFileReference; lastKnownFileType = sourcecode.c.objc; path = ViewController.m; sourceTree = "<group>"; };
		5B9D940A20D0AE0E00BABD7F /* Base */ = {isa = PBXFileReference; lastKnownFileType = file.storyboard; name = Base; path = Base.lproj/Main.storyboard; sourceTree = "<group>"; };
		5B9D940C20D0AE1000BABD7F /* Assets.xcassets */ = {isa = PBXFileReference; lastKnownFileType = folder.assetcatalog; path = Assets.xcassets; sourceTree = "<group>"; };
		5B9D940F20D0AE1000BABD7F /* Base */ = {isa = PBXFileReference; lastKnownFileType = file.storyboard; name = Base; path = Base.lproj/LaunchScreen.storyboard; sourceTree = "<group>"; };
		5B9D941120D0AE1000BABD7F /* Info.plist */ = {isa = PBXFileReference; lastKnownFileType = text.plist.xml; path = Info.plist; sourceTree = "<group>"; };
		5B9D941220D0AE1000BABD7F /* main.m */ = {isa = PBXFileReference; lastKnownFileType = sourcecode.c.objc; path = main.m; sourceTree = "<group>"; };
		5B9D941820D0AE1000BABD7F /* wkwebviewtestTests.xctest */ = {isa = PBXFileReference; explicitFileType = wrapper.cfbundle; includeInIndex = 0; path = wkwebviewtestTests.xctest; sourceTree = BUILT_PRODUCTS_DIR; };
		5B9D941C20D0AE1000BABD7F /* wkwebviewtestTests.m */ = {isa = PBXFileReference; lastKnownFileType = sourcecode.c.objc; path = wkwebviewtestTests.m; sourceTree = "<group>"; };
		5B9D941E20D0AE1000BABD7F /* Info.plist */ = {isa = PBXFileReference; lastKnownFileType = text.plist.xml; path = Info.plist; sourceTree = "<group>"; };
		5B9D942320D0AE1000BABD7F /* wkwebviewtestUITests.xctest */ = {isa = PBXFileReference; explicitFileType = wrapper.cfbundle; includeInIndex = 0; path = wkwebviewtestUITests.xctest; sourceTree = BUILT_PRODUCTS_DIR; };
		5B9D942720D0AE1000BABD7F /* wkwebviewtestUITests.m */ = {isa = PBXFileReference; lastKnownFileType = sourcecode.c.objc; path = wkwebviewtestUITests.m; sourceTree = "<group>"; };
		5B9D942920D0AE1000BABD7F /* Info.plist */ = {isa = PBXFileReference; lastKnownFileType = text.plist.xml; path = Info.plist; sourceTree = "<group>"; };
/* End PBXFileReference section */

/* Begin PBXFrameworksBuildPhase section */
		5B9D93FD20D0AE0E00BABD7F /* Frameworks */ = {
			isa = PBXFrameworksBuildPhase;
			buildActionMask = 2147483647;
			files = (
			);
			runOnlyForDeploymentPostprocessing = 0;
		};
		5B9D941520D0AE1000BABD7F /* Frameworks */ = {
			isa = PBXFrameworksBuildPhase;
			buildActionMask = 2147483647;
			files = (
			);
			runOnlyForDeploymentPostprocessing = 0;
		};
		5B9D942020D0AE1000BABD7F /* Frameworks */ = {
			isa = PBXFrameworksBuildPhase;
			buildActionMask = 2147483647;
			files = (
			);
			runOnlyForDeploymentPostprocessing = 0;
		};
/* End PBXFrameworksBuildPhase section */

/* Begin PBXGroup section */
		5B9D93F720D0AE0E00BABD7F = {
			isa = PBXGroup;
			children = (
				5B9D940220D0AE0E00BABD7F /* wkwebviewtest */,
				5B9D941B20D0AE1000BABD7F /* wkwebviewtestTests */,
				5B9D942620D0AE1000BABD7F /* wkwebviewtestUITests */,
				5B9D940120D0AE0E00BABD7F /* Products */,
			);
			sourceTree = "<group>";
		};
		5B9D940120D0AE0E00BABD7F /* Products */ = {
			isa = PBXGroup;
			children = (
				5B9D940020D0AE0E00BABD7F /* wkwebviewtest.app */,
				5B9D941820D0AE1000BABD7F /* wkwebviewtestTests.xctest */,
				5B9D942320D0AE1000BABD7F /* wkwebviewtestUITests.xctest */,
			);
			name = Products;
			sourceTree = "<group>";
		};
		5B9D940220D0AE0E00BABD7F /* wkwebviewtest */ = {
			isa = PBXGroup;
			children = (
				5B9D940320D0AE0E00BABD7F /* AppDelegate.h */,
				5B9D940420D0AE0E00BABD7F /* AppDelegate.m */,
				5B9D940620D0AE0E00BABD7F /* ViewController.h */,
				5B9D940720D0AE0E00BABD7F /* ViewController.m */,
				5B9D940920D0AE0E00BABD7F /* Main.storyboard */,
				5B9D940C20D0AE1000BABD7F /* Assets.xcassets */,
				5B9D940E20D0AE1000BABD7F /* LaunchScreen.storyboard */,
				5B9D941120D0AE1000BABD7F /* Info.plist */,
				5B9D941220D0AE1000BABD7F /* main.m */,
			);
			path = wkwebviewtest;
			sourceTree = "<group>";
		};
		5B9D941B20D0AE1000BABD7F /* wkwebviewtestTests */ = {
			isa = PBXGroup;
			children = (
				5B9D941C20D0AE1000BABD7F /* wkwebviewtestTests.m */,
				5B9D941E20D0AE1000BABD7F /* Info.plist */,
			);
			path = wkwebviewtestTests;
			sourceTree = "<group>";
		};
		5B9D942620D0AE1000BABD7F /* wkwebviewtestUITests */ = {
			isa = PBXGroup;
			children = (
				5B9D942720D0AE1000BABD7F /* wkwebviewtestUITests.m */,
				5B9D942920D0AE1000BABD7F /* Info.plist */,
			);
			path = wkwebviewtestUITests;
			sourceTree = "<group>";
		};
/* End PBXGroup section */

/* Begin PBXNativeTarget section */
		5B9D93FF20D0AE0E00BABD7F /* wkwebviewtest */ = {
			isa = PBXNativeTarget;
			buildConfigurationList = 5B9D942C20D0AE1000BABD7F /* Build configuration list for PBXNativeTarget "wkwebviewtest" */;
			buildPhases = (
				5B9D93FC20D0AE0E00BABD7F /* Sources */,
				5B9D93FD20D0AE0E00BABD7F /* Frameworks */,
				5B9D93FE20D0AE0E00BABD7F /* Resources */,
			);
			buildRules = (
			);
			dependencies = (
			);
			name = wkwebviewtest;
			productName = wkwebviewtest;
			productReference = 5B9D940020D0AE0E00BABD7F /* wkwebviewtest.app */;
			productType = "com.apple.product-type.application";
		};
		5B9D941720D0AE1000BABD7F /* wkwebviewtestTests */ = {
			isa = PBXNativeTarget;
			buildConfigurationList = 5B9D942F20D0AE1000BABD7F /* Build configuration list for PBXNativeTarget "wkwebviewtestTests" */;
			buildPhases = (
				5B9D941420D0AE1000BABD7F /* Sources */,
				5B9D941520D0AE1000BABD7F /* Frameworks */,
				5B9D941620D0AE1000BABD7F /* Resources */,
			);
			buildRules = (
			);
			dependencies = (
				5B9D941A20D0AE1000BABD7F /* PBXTargetDependency */,
			);
			name = wkwebviewtestTests;
			productName = wkwebviewtestTests;
			productReference = 5B9D941820D0AE1000BABD7F /* wkwebviewtestTests.xctest */;
			productType = "com.apple.product-type.bundle.unit-test";
		};
		5B9D942220D0AE1000BABD7F /* wkwebviewtestUITests */ = {
			isa = PBXNativeTarget;
			buildConfigurationList = 5B9D943220D0AE1000BABD7F /* Build configuration list for PBXNativeTarget "wkwebviewtestUITests" */;
			buildPhases = (
				5B9D941F20D0AE1000BABD7F /* Sources */,
				5B9D942020D0AE1000BABD7F /* Frameworks */,
				5B9D942120D0AE1000BABD7F /* Resources */,
			);
			buildRules = (
			);
			dependencies = (
				5B9D942520D0AE1000BABD7F /* PBXTargetDependency */,
			);
			name = wkwebviewtestUITests;
			productName = wkwebviewtestUITests;
			productReference = 5B9D942320D0AE1000BABD7F /* wkwebviewtestUITests.xctest */;
			productType = "com.apple.product-type.bundle.ui-testing";
		};
/* End PBXNativeTarget section */

/* Begin PBXProject section */
		5B9D93F820D0AE0E00BABD7F /* Project object */ = {
			isa = PBXProject;
			attributes = {
				LastUpgradeCheck = 0940;
				ORGANIZATIONNAME = JDKJ;
				TargetAttributes = {
					5B9D93FF20D0AE0E00BABD7F = {
						CreatedOnToolsVersion = 9.4;
					};
					5B9D941720D0AE1000BABD7F = {
						CreatedOnToolsVersion = 9.4;
						TestTargetID = 5B9D93FF20D0AE0E00BABD7F;
					};
					5B9D942220D0AE1000BABD7F = {
						CreatedOnToolsVersion = 9.4;
						TestTargetID = 5B9D93FF20D0AE0E00BABD7F;
					};
				};
			};
			buildConfigurationList = 5B9D93FB20D0AE0E00BABD7F /* Build configuration list for PBXProject "wkwebviewtest" */;
			compatibilityVersion = "Xcode 9.3";
			developmentRegion = en;
			hasScannedForEncodings = 0;
			knownRegions = (
				en,
				Base,
			);
			mainGroup = 5B9D93F720D0AE0E00BABD7F;
			productRefGroup = 5B9D940120D0AE0E00BABD7F /* Products */;
			projectDirPath = "";
			projectRoot = "";
			targets = (
				5B9D93FF20D0AE0E00BABD7F /* wkwebviewtest */,
				5B9D941720D0AE1000BABD7F /* wkwebviewtestTests */,
				5B9D942220D0AE1000BABD7F /* wkwebviewtestUITests */,
			);
		};
/* End PBXProject section */

/* Begin PBXResourcesBuildPhase section */
		5B9D93FE20D0AE0E00BABD7F /* Resources */ = {
			isa = PBXResourcesBuildPhase;
			buildActionMask = 2147483647;
			files = (
				5B9D941020D0AE1000BABD7F /* LaunchScreen.storyboard in Resources */,
				5B9D940D20D0AE1000BABD7F /* Assets.xcassets in Resources */,
				5B9D940B20D0AE0E00BABD7F /* Main.storyboard in Resources */,
			);
			runOnlyForDeploymentPostprocessing = 0;
		};
		5B9D941620D0AE1000BABD7F /* Resources */ = {
			isa = PBXResourcesBuildPhase;
			buildActionMask = 2147483647;
			files = (
			);
			runOnlyForDeploymentPostprocessing = 0;
		};
		5B9D942120D0AE1000BABD7F /* Resources */ = {
			isa = PBXResourcesBuildPhase;
			buildActionMask = 2147483647;
			files = (
			);
			runOnlyForDeploymentPostprocessing = 0;
		};
/* End PBXResourcesBuildPhase section */

/* Begin PBXSourcesBuildPhase section */
		5B9D93FC20D0AE0E00BABD7F /* Sources */ = {
			isa = PBXSourcesBuildPhase;
			buildActionMask = 2147483647;
			files = (
				5B9D940820D0AE0E00BABD7F /* ViewController.m in Sources */,
				5B9D941320D0AE1000BABD7F /* main.m in Sources */,
				5B9D940520D0AE0E00BABD7F /* AppDelegate.m in Sources */,
			);
			runOnlyForDeploymentPostprocessing = 0;
		};
		5B9D941420D0AE1000BABD7F /* Sources */ = {
			isa = PBXSourcesBuildPhase;
			buildActionMask = 2147483647;
			files = (
				5B9D941D20D0AE1000BABD7F /* wkwebviewtestTests.m in Sources */,
			);
			runOnlyForDeploymentPostprocessing = 0;
		};
		5B9D941F20D0AE1000BABD7F /* Sources */ = {
			isa = PBXSourcesBuildPhase;
			buildActionMask = 2147483647;
			files = (
				5B9D942820D0AE1000BABD7F /* wkwebviewtestUITests.m in Sources */,
			);
			runOnlyForDeploymentPostprocessing = 0;
		};
/* End PBXSourcesBuildPhase section */

/* Begin PBXTargetDependency section */
		5B9D941A20D0AE1000BABD7F /* PBXTargetDependency */ = {
			isa = PBXTargetDependency;
			target = 5B9D93FF20D0AE0E00BABD7F /* wkwebviewtest */;
			targetProxy = 5B9D941920D0AE1000BABD7F /* PBXContainerItemProxy */;
		};
		5B9D942520D0AE1000BABD7F /* PBXTargetDependency */ = {
			isa = PBXTargetDependency;
			target = 5B9D93FF20D0AE0E00BABD7F /* wkwebviewtest */;
			targetProxy = 5B9D942420D0AE1000BABD7F /* PBXContainerItemProxy */;
		};
/* End PBXTargetDependency section */

/* Begin PBXVariantGroup section */
		5B9D940920D0AE0E00BABD7F /* Main.storyboard */ = {
			isa = PBXVariantGroup;
			children = (
				5B9D940A20D0AE0E00BABD7F /* Base */,
			);
			name = Main.storyboard;
			sourceTree = "<group>";
		};
		5B9D940E20D0AE1000BABD7F /* LaunchScreen.storyboard */ = {
			isa = PBXVariantGroup;
			children = (
				5B9D940F20D0AE1000BABD7F /* Base */,
			);
			name = LaunchScreen.storyboard;
			sourceTree = "<group>";
		};
/* End PBXVariantGroup section */

/* Begin XCBuildConfiguration section */
		5B9D942A20D0AE1000BABD7F /* Debug */ = {
			isa = XCBuildConfiguration;
			buildSettings = {
				ALWAYS_SEARCH_USER_PATHS = NO;
				CLANG_ANALYZER_NONNULL = YES;
				CLANG_ANALYZER_NUMBER_OBJECT_CONVERSION = YES_AGGRESSIVE;
				CLANG_CXX_LANGUAGE_STANDARD = "gnu++14";
				CLANG_CXX_LIBRARY = "libc++";
				CLANG_ENABLE_MODULES = YES;
				CLANG_ENABLE_OBJC_ARC = YES;
				CLANG_ENABLE_OBJC_WEAK = YES;
				CLANG_WARN_BLOCK_CAPTURE_AUTORELEASING = YES;
				CLANG_WARN_BOOL_CONVERSION = YES;
				CLANG_WARN_COMMA = YES;
				CLANG_WARN_CONSTANT_CONVERSION = YES;
				CLANG_WARN_DEPRECATED_OBJC_IMPLEMENTATIONS = YES;
				CLANG_WARN_DIRECT_OBJC_ISA_USAGE = YES_ERROR;
				CLANG_WARN_DOCUMENTATION_COMMENTS = YES;
				CLANG_WARN_EMPTY_BODY = YES;
				CLANG_WARN_ENUM_CONVERSION = YES;
				CLANG_WARN_INFINITE_RECURSION = YES;
				CLANG_WARN_INT_CONVERSION = YES;
				CLANG_WARN_NON_LITERAL_NULL_CONVERSION = YES;
				CLANG_WARN_OBJC_IMPLICIT_RETAIN_SELF = YES;
				CLANG_WARN_OBJC_LITERAL_CONVERSION = YES;
				CLANG_WARN_OBJC_ROOT_CLASS = YES_ERROR;
				CLANG_WARN_RANGE_LOOP_ANALYSIS = YES;
				CLANG_WARN_STRICT_PROTOTYPES = YES;
				CLANG_WARN_SUSPICIOUS_MOVE = YES;
				CLANG_WARN_UNGUARDED_AVAILABILITY = YES_AGGRESSIVE;
				CLANG_WARN_UNREACHABLE_CODE = YES;
				CLANG_WARN__DUPLICATE_METHOD_MATCH = YES;
				CODE_SIGN_IDENTITY = "iPhone Developer";
				COPY_PHASE_STRIP = NO;
				DEBUG_INFORMATION_FORMAT = dwarf;
				ENABLE_STRICT_OBJC_MSGSEND = YES;
				ENABLE_TESTABILITY = YES;
				GCC_C_LANGUAGE_STANDARD = gnu11;
				GCC_DYNAMIC_NO_PIC = NO;
				GCC_NO_COMMON_BLOCKS = YES;
				GCC_OPTIMIZATION_LEVEL = 0;
				GCC_PREPROCESSOR_DEFINITIONS = (
					"DEBUG=1",
					"$(inherited)",
				);
				GCC_WARN_64_TO_32_BIT_CONVERSION = YES;
				GCC_WARN_ABOUT_RETURN_TYPE = YES_ERROR;
				GCC_WARN_UNDECLARED_SELECTOR = YES;
				GCC_WARN_UNINITIALIZED_AUTOS = YES_AGGRESSIVE;
				GCC_WARN_UNUSED_FUNCTION = YES;
				GCC_WARN_UNUSED_VARIABLE = YES;
				IPHONEOS_DEPLOYMENT_TARGET = 11.4;
				MTL_ENABLE_DEBUG_INFO = YES;
				ONLY_ACTIVE_ARCH = YES;
				SDKROOT = iphoneos;
			};
			name = Debug;
		};
		5B9D942B20D0AE1000BABD7F /* Release */ = {
			isa = XCBuildConfiguration;
			buildSettings = {
				ALWAYS_SEARCH_USER_PATHS = NO;
				CLANG_ANALYZER_NONNULL = YES;
				CLANG_ANALYZER_NUMBER_OBJECT_CONVERSION = YES_AGGRESSIVE;
				CLANG_CXX_LANGUAGE_STANDARD = "gnu++14";
				CLANG_CXX_LIBRARY = "libc++";
				CLANG_ENABLE_MODULES = YES;
				CLANG_ENABLE_OBJC_ARC = YES;
				CLANG_ENABLE_OBJC_WEAK = YES;
				CLANG_WARN_BLOCK_CAPTURE_AUTORELEASING = YES;
				CLANG_WARN_BOOL_CONVERSION = YES;
				CLANG_WARN_COMMA = YES;
				CLANG_WARN_CONSTANT_CONVERSION = YES;
				CLANG_WARN_DEPRECATED_OBJC_IMPLEMENTATIONS = YES;
				CLANG_WARN_DIRECT_OBJC_ISA_USAGE = YES_ERROR;
				CLANG_WARN_DOCUMENTATION_COMMENTS = YES;
				CLANG_WARN_EMPTY_BODY = YES;
				CLANG_WARN_ENUM_CONVERSION = YES;
				CLANG_WARN_INFINITE_RECURSION = YES;
				CLANG_WARN_INT_CONVERSION = YES;
				CLANG_WARN_NON_LITERAL_NULL_CONVERSION = YES;
				CLANG_WARN_OBJC_IMPLICIT_RETAIN_SELF = YES;
				CLANG_WARN_OBJC_LITERAL_CONVERSION = YES;
				CLANG_WARN_OBJC_ROOT_CLASS = YES_ERROR;
				CLANG_WARN_RANGE_LOOP_ANALYSIS = YES;
				CLANG_WARN_STRICT_PROTOTYPES = YES;
				CLANG_WARN_SUSPICIOUS_MOVE = YES;
				CLANG_WARN_UNGUARDED_AVAILABILITY = YES_AGGRESSIVE;
				CLANG_WARN_UNREACHABLE_CODE = YES;
				CLANG_WARN__DUPLICATE_METHOD_MATCH = YES;
				CODE_SIGN_IDENTITY = "iPhone Developer";
				COPY_PHASE_STRIP = NO;
				DEBUG_INFORMATION_FORMAT = "dwarf-with-dsym";
				ENABLE_NS_ASSERTIONS = NO;
				ENABLE_STRICT_OBJC_MSGSEND = YES;
				GCC_C_LANGUAGE_STANDARD = gnu11;
				GCC_NO_COMMON_BLOCKS = YES;
				GCC_WARN_64_TO_32_BIT_CONVERSION = YES;
				GCC_WARN_ABOUT_RETURN_TYPE = YES_ERROR;
				GCC_WARN_UNDECLARED_SELECTOR = YES;
				GCC_WARN_UNINITIALIZED_AUTOS = YES_AGGRESSIVE;
				GCC_WARN_UNUSED_FUNCTION = YES;
				GCC_WARN_UNUSED_VARIABLE = YES;
				IPHONEOS_DEPLOYMENT_TARGET = 11.4;
				MTL_ENABLE_DEBUG_INFO = NO;
				SDKROOT = iphoneos;
				VALIDATE_PRODUCT = YES;
			};
			name = Release;
		};
		5B9D942D20D0AE1000BABD7F /* Debug */ = {
			isa = XCBuildConfiguration;
			buildSettings = {
				ASSETCATALOG_COMPILER_APPICON_NAME = AppIcon;
				CODE_SIGN_STYLE = Automatic;
				DEVELOPMENT_TEAM = R67NM4WC4D;
				INFOPLIST_FILE = wkwebviewtest/Info.plist;
				LD_RUNPATH_SEARCH_PATHS = (
					"$(inherited)",
					"@executable_path/Frameworks",
				);
				PRODUCT_BUNDLE_IDENTIFIER = com.JDKJ.baiding.wkwebviewtest;
				PRODUCT_NAME = "$(TARGET_NAME)";
				TARGETED_DEVICE_FAMILY = "1,2";
			};
			name = Debug;
		};
		5B9D942E20D0AE1000BABD7F /* Release */ = {
			isa = XCBuildConfiguration;
			buildSettings = {
				ASSETCATALOG_COMPILER_APPICON_NAME = AppIcon;
				CODE_SIGN_STYLE = Automatic;
				DEVELOPMENT_TEAM = R67NM4WC4D;
				INFOPLIST_FILE = wkwebviewtest/Info.plist;
				LD_RUNPATH_SEARCH_PATHS = (
					"$(inherited)",
					"@executable_path/Frameworks",
				);
				PRODUCT_BUNDLE_IDENTIFIER = com.JDKJ.baiding.wkwebviewtest;
				PRODUCT_NAME = "$(TARGET_NAME)";
				TARGETED_DEVICE_FAMILY = "1,2";
			};
			name = Release;
		};
		5B9D943020D0AE1000BABD7F /* Debug */ = {
			isa = XCBuildConfiguration;
			buildSettings = {
				BUNDLE_LOADER = "$(TEST_HOST)";
				CODE_SIGN_STYLE = Automatic;
				DEVELOPMENT_TEAM = R67NM4WC4D;
				INFOPLIST_FILE = wkwebviewtestTests/Info.plist;
				LD_RUNPATH_SEARCH_PATHS = (
					"$(inherited)",
					"@executable_path/Frameworks",
					"@loader_path/Frameworks",
				);
				PRODUCT_BUNDLE_IDENTIFIER = com.JDKJ.baiding.wkwebviewtestTests;
				PRODUCT_NAME = "$(TARGET_NAME)";
				TARGETED_DEVICE_FAMILY = "1,2";
				TEST_HOST = "$(BUILT_PRODUCTS_DIR)/wkwebviewtest.app/wkwebviewtest";
			};
			name = Debug;
		};
		5B9D943120D0AE1000BABD7F /* Release */ = {
			isa = XCBuildConfiguration;
			buildSettings = {
				BUNDLE_LOADER = "$(TEST_HOST)";
				CODE_SIGN_STYLE = Automatic;
				DEVELOPMENT_TEAM = R67NM4WC4D;
				INFOPLIST_FILE = wkwebviewtestTests/Info.plist;
				LD_RUNPATH_SEARCH_PATHS = (
					"$(inherited)",
					"@executable_path/Frameworks",
					"@loader_path/Frameworks",
				);
				PRODUCT_BUNDLE_IDENTIFIER = com.JDKJ.baiding.wkwebviewtestTests;
				PRODUCT_NAME = "$(TARGET_NAME)";
				TARGETED_DEVICE_FAMILY = "1,2";
				TEST_HOST = "$(BUILT_PRODUCTS_DIR)/wkwebviewtest.app/wkwebviewtest";
			};
			name = Release;
		};
		5B9D943320D0AE1000BABD7F /* Debug */ = {
			isa = XCBuildConfiguration;
			buildSettings = {
				CODE_SIGN_STYLE = Automatic;
				DEVELOPMENT_TEAM = R67NM4WC4D;
				INFOPLIST_FILE = wkwebviewtestUITests/Info.plist;
				LD_RUNPATH_SEARCH_PATHS = (
					"$(inherited)",
					"@executable_path/Frameworks",
					"@loader_path/Frameworks",
				);
				PRODUCT_BUNDLE_IDENTIFIER = com.JDKJ.baiding.wkwebviewtestUITests;
				PRODUCT_NAME = "$(TARGET_NAME)";
				TARGETED_DEVICE_FAMILY = "1,2";
				TEST_TARGET_NAME = wkwebviewtest;
			};
			name = Debug;
		};
		5B9D943420D0AE1000BABD7F /* Release */ = {
			isa = XCBuildConfiguration;
			buildSettings = {
				CODE_SIGN_STYLE = Automatic;
				DEVELOPMENT_TEAM = R67NM4WC4D;
				INFOPLIST_FILE = wkwebviewtestUITests/Info.plist;
				LD_RUNPATH_SEARCH_PATHS = (
					"$(inherited)",
					"@executable_path/Frameworks",
					"@loader_path/Frameworks",
				);
				PRODUCT_BUNDLE_IDENTIFIER = com.JDKJ.baiding.wkwebviewtestUITests;
				PRODUCT_NAME = "$(TARGET_NAME)";
				TARGETED_DEVICE_FAMILY = "1,2";
				TEST_TARGET_NAME = wkwebviewtest;
			};
			name = Release;
		};
/* End XCBuildConfiguration section */

/* Begin XCConfigurationList section */
		5B9D93FB20D0AE0E00BABD7F /* Build configuration list for PBXProject "wkwebviewtest" */ = {
			isa = XCConfigurationList;
			buildConfigurations = (
				5B9D942A20D0AE1000BABD7F /* Debug */,
				5B9D942B20D0AE1000BABD7F /* Release */,
			);
			defaultConfigurationIsVisible = 0;
			defaultConfigurationName = Release;
		};
		5B9D942C20D0AE1000BABD7F /* Build configuration list for PBXNativeTarget "wkwebviewtest" */ = {
			isa = XCConfigurationList;
			buildConfigurations = (
				5B9D942D20D0AE1000BABD7F /* Debug */,
				5B9D942E20D0AE1000BABD7F /* Release */,
			);
			defaultConfigurationIsVisible = 0;
			defaultConfigurationName = Release;
		};
		5B9D942F20D0AE1000BABD7F /* Build configuration list for PBXNativeTarget "wkwebviewtestTests" */ = {
			isa = XCConfigurationList;
			buildConfigurations = (
				5B9D943020D0AE1000BABD7F /* Debug */,
				5B9D943120D0AE1000BABD7F /* Release */,
			);
			defaultConfigurationIsVisible = 0;
			defaultConfigurationName = Release;
		};
		5B9D943220D0AE1000BABD7F /* Build configuration list for PBXNativeTarget "wkwebviewtestUITests" */ = {
			isa = XCConfigurationList;
			buildConfigurations = (
				5B9D943320D0AE1000BABD7F /* Debug */,
				5B9D943420D0AE1000BABD7F /* Release */,
			);
			defaultConfigurationIsVisible = 0;
			defaultConfigurationName = Release;
		};
/* End XCConfigurationList section */
	};
	rootObject = 5B9D93F820D0AE0E00BABD7F /* Project object */;
}
